// !$*UTF8*$!
{
	archiveVersion = 1;
	classes = {
	};
	objectVersion = 77;
	objects = {

/* Begin PBXBuildFile section */
		01D0FA317D675E929A87FD23 /* FinanceAppShortcuts.swift in Sources */ = {isa = PBXBuildFile; fileRef = 9BFBA5325676D0667028E554 /* FinanceAppShortcuts.swift */; };
		095F6FC655D6376A3866F0C5 /* AccountsListView.swift in Sources */ = {isa = PBXBuildFile; fileRef = 49BE2E539BC3F520E89AC3E6 /* AccountsListView.swift */; };
		0D411FA076B4F94DD5CCC47F /* TransactionRow.swift in Sources */ = {isa = PBXBuildFile; fileRef = CE455239570DB792D75BAE6B /* TransactionRow.swift */; };
		0E01E1AD3C7CC9DE0070AF9D /* AppModelContainer.swift in Sources */ = {isa = PBXBuildFile; fileRef = 592A56AF3258202923D7D2BB /* AppModelContainer.swift */; };
		12EB071AC1F3D9621134A653 /* RecurringTransactionProcessor.swift in Sources */ = {isa = PBXBuildFile; fileRef = 492292DF5F9E350301A2C412 /* RecurringTransactionProcessor.swift */; };
		1CEE808A6883E5DEFC94876B /* FinanceAppApp.swift in Sources */ = {isa = PBXBuildFile; fileRef = E312D29775FCD4120829AA8D /* FinanceAppApp.swift */; };
		2AB9F45796A880470B5CFBAE /* AddRecurringTransactionView.swift in Sources */ = {isa = PBXBuildFile; fileRef = 65815EDA7EFA6754CBB805D8 /* AddRecurringTransactionView.swift */; };
		2BA7127FBC856FA34047AF46 /* AddInvestmentTransactionView.swift in Sources */ = {isa = PBXBuildFile; fileRef = 5B7FB2C515D7300B480005B4 /* AddInvestmentTransactionView.swift */; };
		327910023BF345E0244F9D60 /* HoldingTests.swift in Sources */ = {isa = PBXBuildFile; fileRef = 950FBE4E51736AC89EA37DDC /* HoldingTests.swift */; };
		32FBABE3D98DD165060FD6E2 /* HoldingDetailView.swift in Sources */ = {isa = PBXBuildFile; fileRef = C6A8180BC156C2A135C26F6B /* HoldingDetailView.swift */; };
		33B0F9EC32D6BED4D966443D /* TransactionsListView.swift in Sources */ = {isa = PBXBuildFile; fileRef = C21D58A61F8797F2F2C5CB64 /* TransactionsListView.swift */; };
		383C6E08289B00463190DBED /* MoneyTransaction.swift in Sources */ = {isa = PBXBuildFile; fileRef = 793A5A66A14F4656A872F06A /* MoneyTransaction.swift */; };
		3A8FA916993390A1792A814D /* PreviewData.swift in Sources */ = {isa = PBXBuildFile; fileRef = 3A395C952D0BE940AC946EC2 /* PreviewData.swift */; };
		47B22FA17491D533796C3EF5 /* PriceService.swift in Sources */ = {isa = PBXBuildFile; fileRef = 9875A6274D3B8825C789BDD3 /* PriceService.swift */; };
		610016E6A61F64F6517FCCD4 /* SymbolSearchView.swift in Sources */ = {isa = PBXBuildFile; fileRef = 9CCCE8C0E1FD763E97125737 /* SymbolSearchView.swift */; };
		64480AEAC850825ECEC024CD /* AddAccountView.swift in Sources */ = {isa = PBXBuildFile; fileRef = 01D64359717692A687259EEB /* AddAccountView.swift */; };
		6505647D827D7DB1F1A5906C /* AddTransactionView.swift in Sources */ = {isa = PBXBuildFile; fileRef = 8A3155716478A5163A717A42 /* AddTransactionView.swift */; };
		688CA1EE4336AFFB0A053583 /* SettingsView.swift in Sources */ = {isa = PBXBuildFile; fileRef = DED9093873F00F56116121D7 /* SettingsView.swift */; };
		6988F655EE1D9337B0120E8D /* CategoryKind+AppEnum.swift in Sources */ = {isa = PBXBuildFile; fileRef = A69CF29FCC2EEAF017313867 /* CategoryKind+AppEnum.swift */; };
		6ABE2A0363C54D897613017E /* BackupDocument.swift in Sources */ = {isa = PBXBuildFile; fileRef = 1A2FAE17E68663FCC531FA26 /* BackupDocument.swift */; };
		827AE3CF73B53F53FFB6B052 /* PopularSymbols.swift in Sources */ = {isa = PBXBuildFile; fileRef = 847EF192FE2C3A16CE821EFE /* PopularSymbols.swift */; };
		8C432CF1DB55646EABAAF884 /* AccountEntity.swift in Sources */ = {isa = PBXBuildFile; fileRef = BEE7E27142B1B63F90B0719B /* AccountEntity.swift */; };
		9488B90C6089E84D81EAC9C6 /* AccountDetailView.swift in Sources */ = {isa = PBXBuildFile; fileRef = EA44FD2235B68DB52A233A5B /* AccountDetailView.swift */; };
		9A9100E13B559051CBB27DF6 /* InvestmentsListView.swift in Sources */ = {isa = PBXBuildFile; fileRef = ECB5E01EC56512A42AD3BAE0 /* InvestmentsListView.swift */; };
		9E4A87A0B6EFAA711B06C194 /* DashboardView.swift in Sources */ = {isa = PBXBuildFile; fileRef = D2C39351E9291B26DE1AF519 /* DashboardView.swift */; };
		A009447DC4121DAA6D1D6C87 /* AddHoldingView.swift in Sources */ = {isa = PBXBuildFile; fileRef = D8381585300002072620983F /* AddHoldingView.swift */; };
		A1D66350E858C37D00934A46 /* RecurringTransaction.swift in Sources */ = {isa = PBXBuildFile; fileRef = 00297A93C004C771484C5A87 /* RecurringTransaction.swift */; };
		A3A0D517CC5D89534A7ECDAC /* BackupService.swift in Sources */ = {isa = PBXBuildFile; fileRef = 4277E56F76A55741D168AC95 /* BackupService.swift */; };
		AD6CF4F0296313D735AB027D /* CategoryEntity.swift in Sources */ = {isa = PBXBuildFile; fileRef = 44DA9BAD9185CA55E0F801B0 /* CategoryEntity.swift */; };
		B9561BF8038687A06276CF0D /* Assets.xcassets in Resources */ = {isa = PBXBuildFile; fileRef = DBDD4F9A9A9CDB22A655B952 /* Assets.xcassets */; };
		C1DA19C03E7B069BE05E801F /* Category.swift in Sources */ = {isa = PBXBuildFile; fileRef = ADB8640ACA7B8FB8AFE31126 /* Category.swift */; };
		D0628EB901C7CA0207AEB6FC /* RecurringTransactionsListView.swift in Sources */ = {isa = PBXBuildFile; fileRef = 0A77BB21E8295DFABED40CFC /* RecurringTransactionsListView.swift */; };
		D174A804B1EE33FA990FAF5C /* Holding.swift in Sources */ = {isa = PBXBuildFile; fileRef = A86C440FFB6A1E980F283E17 /* Holding.swift */; };
		D343B4657F23392384DC2C89 /* AddTransactionIntent.swift in Sources */ = {isa = PBXBuildFile; fileRef = A95894B52F3AE45BEA2D0DD2 /* AddTransactionIntent.swift */; };
		D8C86367E421A53AAC1383CD /* Account.swift in Sources */ = {isa = PBXBuildFile; fileRef = 46CA892BBA3DCA208A05A42C /* Account.swift */; };
		DD29A76BA37E6E28802EE950 /* AddTransferView.swift in Sources */ = {isa = PBXBuildFile; fileRef = BD99ABDE88A909B912BB12A4 /* AddTransferView.swift */; };
		E8B0199AC6F6833DE06D6B28 /* RootView.swift in Sources */ = {isa = PBXBuildFile; fileRef = BDF37F106EC5D398E263BCB4 /* RootView.swift */; };
		F0D041453D83FC83E5C94AED /* DefaultCategories.swift in Sources */ = {isa = PBXBuildFile; fileRef = 45770272CF22BF92ED1FDB48 /* DefaultCategories.swift */; };
		F2669A9EF767110B45B2E5B8 /* InvestmentTransaction.swift in Sources */ = {isa = PBXBuildFile; fileRef = 28986144E7CDBFF0B9867F3B /* InvestmentTransaction.swift */; };
/* End PBXBuildFile section */

/* Begin PBXContainerItemProxy section */
		A0CC3588ABAAE8589158EF10 /* PBXContainerItemProxy */ = {
			isa = PBXContainerItemProxy;
			containerPortal = 2AB1CACC86CDDCD4EEDD6F2B /* Project object */;
			proxyType = 1;
			remoteGlobalIDString = 2E97F0665DF3855DD2165992;
			remoteInfo = FinanceApp;
		};
/* End PBXContainerItemProxy section */

/* Begin PBXFileReference section */
		00297A93C004C771484C5A87 /* RecurringTransaction.swift */ = {isa = PBXFileReference; lastKnownFileType = sourcecode.swift; path = RecurringTransaction.swift; sourceTree = "<group>"; };
		01D64359717692A687259EEB /* AddAccountView.swift */ = {isa = PBXFileReference; lastKnownFileType = sourcecode.swift; path = AddAccountView.swift; sourceTree = "<group>"; };
		0A77BB21E8295DFABED40CFC /* RecurringTransactionsListView.swift */ = {isa = PBXFileReference; lastKnownFileType = sourcecode.swift; path = RecurringTransactionsListView.swift; sourceTree = "<group>"; };
		1A2FAE17E68663FCC531FA26 /* BackupDocument.swift */ = {isa = PBXFileReference; lastKnownFileType = sourcecode.swift; path = BackupDocument.swift; sourceTree = "<group>"; };
		28986144E7CDBFF0B9867F3B /* InvestmentTransaction.swift */ = {isa = PBXFileReference; lastKnownFileType = sourcecode.swift; path = InvestmentTransaction.swift; sourceTree = "<group>"; };
		3A395C952D0BE940AC946EC2 /* PreviewData.swift */ = {isa = PBXFileReference; lastKnownFileType = sourcecode.swift; path = PreviewData.swift; sourceTree = "<group>"; };
		4277E56F76A55741D168AC95 /* BackupService.swift */ = {isa = PBXFileReference; lastKnownFileType = sourcecode.swift; path = BackupService.swift; sourceTree = "<group>"; };
		44DA9BAD9185CA55E0F801B0 /* CategoryEntity.swift */ = {isa = PBXFileReference; lastKnownFileType = sourcecode.swift; path = CategoryEntity.swift; sourceTree = "<group>"; };
		45770272CF22BF92ED1FDB48 /* DefaultCategories.swift */ = {isa = PBXFileReference; lastKnownFileType = sourcecode.swift; path = DefaultCategories.swift; sourceTree = "<group>"; };
		46CA892BBA3DCA208A05A42C /* Account.swift */ = {isa = PBXFileReference; lastKnownFileType = sourcecode.swift; path = Account.swift; sourceTree = "<group>"; };
		492292DF5F9E350301A2C412 /* RecurringTransactionProcessor.swift */ = {isa = PBXFileReference; lastKnownFileType = sourcecode.swift; path = RecurringTransactionProcessor.swift; sourceTree = "<group>"; };
		49BE2E539BC3F520E89AC3E6 /* AccountsListView.swift */ = {isa = PBXFileReference; lastKnownFileType = sourcecode.swift; path = AccountsListView.swift; sourceTree = "<group>"; };
		592A56AF3258202923D7D2BB /* AppModelContainer.swift */ = {isa = PBXFileReference; lastKnownFileType = sourcecode.swift; path = AppModelContainer.swift; sourceTree = "<group>"; };
		5B7FB2C515D7300B480005B4 /* AddInvestmentTransactionView.swift */ = {isa = PBXFileReference; lastKnownFileType = sourcecode.swift; path = AddInvestmentTransactionView.swift; sourceTree = "<group>"; };
		65815EDA7EFA6754CBB805D8 /* AddRecurringTransactionView.swift */ = {isa = PBXFileReference; lastKnownFileType = sourcecode.swift; path = AddRecurringTransactionView.swift; sourceTree = "<group>"; };
		793A5A66A14F4656A872F06A /* MoneyTransaction.swift */ = {isa = PBXFileReference; lastKnownFileType = sourcecode.swift; path = MoneyTransaction.swift; sourceTree = "<group>"; };
		847EF192FE2C3A16CE821EFE /* PopularSymbols.swift */ = {isa = PBXFileReference; lastKnownFileType = sourcecode.swift; path = PopularSymbols.swift; sourceTree = "<group>"; };
		86E6801B0F7CAA5E116D28CF /* FinanceApp.app */ = {isa = PBXFileReference; explicitFileType = wrapper.application; includeInIndex = 0; path = FinanceApp.app; sourceTree = BUILT_PRODUCTS_DIR; };
		8A3155716478A5163A717A42 /* AddTransactionView.swift */ = {isa = PBXFileReference; lastKnownFileType = sourcecode.swift; path = AddTransactionView.swift; sourceTree = "<group>"; };
		950FBE4E51736AC89EA37DDC /* HoldingTests.swift */ = {isa = PBXFileReference; lastKnownFileType = sourcecode.swift; path = HoldingTests.swift; sourceTree = "<group>"; };
		9875A6274D3B8825C789BDD3 /* PriceService.swift */ = {isa = PBXFileReference; lastKnownFileType = sourcecode.swift; path = PriceService.swift; sourceTree = "<group>"; };
		9BFBA5325676D0667028E554 /* FinanceAppShortcuts.swift */ = {isa = PBXFileReference; lastKnownFileType = sourcecode.swift; path = FinanceAppShortcuts.swift; sourceTree = "<group>"; };
		9CCCE8C0E1FD763E97125737 /* SymbolSearchView.swift */ = {isa = PBXFileReference; lastKnownFileType = sourcecode.swift; path = SymbolSearchView.swift; sourceTree = "<group>"; };
		A69CF29FCC2EEAF017313867 /* CategoryKind+AppEnum.swift */ = {isa = PBXFileReference; lastKnownFileType = sourcecode.swift; path = "CategoryKind+AppEnum.swift"; sourceTree = "<group>"; };
		A86C440FFB6A1E980F283E17 /* Holding.swift */ = {isa = PBXFileReference; lastKnownFileType = sourcecode.swift; path = Holding.swift; sourceTree = "<group>"; };
		A95894B52F3AE45BEA2D0DD2 /* AddTransactionIntent.swift */ = {isa = PBXFileReference; lastKnownFileType = sourcecode.swift; path = AddTransactionIntent.swift; sourceTree = "<group>"; };
		ADB8640ACA7B8FB8AFE31126 /* Category.swift */ = {isa = PBXFileReference; lastKnownFileType = sourcecode.swift; path = Category.swift; sourceTree = "<group>"; };
		BD99ABDE88A909B912BB12A4 /* AddTransferView.swift */ = {isa = PBXFileReference; lastKnownFileType = sourcecode.swift; path = AddTransferView.swift; sourceTree = "<group>"; };
		BDF37F106EC5D398E263BCB4 /* RootView.swift */ = {isa = PBXFileReference; lastKnownFileType = sourcecode.swift; path = RootView.swift; sourceTree = "<group>"; };
		BEE7E27142B1B63F90B0719B /* AccountEntity.swift */ = {isa = PBXFileReference; lastKnownFileType = sourcecode.swift; path = AccountEntity.swift; sourceTree = "<group>"; };
		C21D58A61F8797F2F2C5CB64 /* TransactionsListView.swift */ = {isa = PBXFileReference; lastKnownFileType = sourcecode.swift; path = TransactionsListView.swift; sourceTree = "<group>"; };
		C4E4966B0D6C2A80E27566C6 /* FinanceAppTests.xctest */ = {isa = PBXFileReference; includeInIndex = 0; lastKnownFileType = wrapper.cfbundle; path = FinanceAppTests.xctest; sourceTree = BUILT_PRODUCTS_DIR; };
		C6A8180BC156C2A135C26F6B /* HoldingDetailView.swift */ = {isa = PBXFileReference; lastKnownFileType = sourcecode.swift; path = HoldingDetailView.swift; sourceTree = "<group>"; };
		CE455239570DB792D75BAE6B /* TransactionRow.swift */ = {isa = PBXFileReference; lastKnownFileType = sourcecode.swift; path = TransactionRow.swift; sourceTree = "<group>"; };
		D2C39351E9291B26DE1AF519 /* DashboardView.swift */ = {isa = PBXFileReference; lastKnownFileType = sourcecode.swift; path = DashboardView.swift; sourceTree = "<group>"; };
		D8381585300002072620983F /* AddHoldingView.swift */ = {isa = PBXFileReference; lastKnownFileType = sourcecode.swift; path = AddHoldingView.swift; sourceTree = "<group>"; };
		DBDD4F9A9A9CDB22A655B952 /* Assets.xcassets */ = {isa = PBXFileReference; lastKnownFileType = folder.assetcatalog; path = Assets.xcassets; sourceTree = "<group>"; };
		DED9093873F00F56116121D7 /* SettingsView.swift */ = {isa = PBXFileReference; lastKnownFileType = sourcecode.swift; path = SettingsView.swift; sourceTree = "<group>"; };
		E312D29775FCD4120829AA8D /* FinanceAppApp.swift */ = {isa = PBXFileReference; lastKnownFileType = sourcecode.swift; path = FinanceAppApp.swift; sourceTree = "<group>"; };
		EA44FD2235B68DB52A233A5B /* AccountDetailView.swift */ = {isa = PBXFileReference; lastKnownFileType = sourcecode.swift; path = AccountDetailView.swift; sourceTree = "<group>"; };
		ECB5E01EC56512A42AD3BAE0 /* InvestmentsListView.swift */ = {isa = PBXFileReference; lastKnownFileType = sourcecode.swift; path = InvestmentsListView.swift; sourceTree = "<group>"; };
/* End PBXFileReference section */

/* Begin PBXGroup section */
		004C8C378C0631E21B051D30 /* Resources */ = {
			isa = PBXGroup;
			children = (
				DBDD4F9A9A9CDB22A655B952 /* Assets.xcassets */,
			);
			path = Resources;
			sourceTree = "<group>";
		};
		0845AC5AE4378EDACF0C88FD /* Transactions */ = {
			isa = PBXGroup;
			children = (
				65815EDA7EFA6754CBB805D8 /* AddRecurringTransactionView.swift */,
				8A3155716478A5163A717A42 /* AddTransactionView.swift */,
				BD99ABDE88A909B912BB12A4 /* AddTransferView.swift */,
				0A77BB21E8295DFABED40CFC /* RecurringTransactionsListView.swift */,
				CE455239570DB792D75BAE6B /* TransactionRow.swift */,
				C21D58A61F8797F2F2C5CB64 /* TransactionsListView.swift */,
			);
			path = Transactions;
			sourceTree = "<group>";
		};
		29F6608C8E7C63005D680666 /* Products */ = {
			isa = PBXGroup;
			children = (
				86E6801B0F7CAA5E116D28CF /* FinanceApp.app */,
				C4E4966B0D6C2A80E27566C6 /* FinanceAppTests.xctest */,
			);
			name = Products;
			sourceTree = "<group>";
		};
		3A24384C0CEB495E56EF1F87 /* Dashboard */ = {
			isa = PBXGroup;
			children = (
				D2C39351E9291B26DE1AF519 /* DashboardView.swift */,
			);
			path = Dashboard;
			sourceTree = "<group>";
		};
		41664911853B1A777938E8B9 = {
			isa = PBXGroup;
			children = (
				8E3815F9C6D9EA0FCAE51155 /* FinanceApp */,
				67E437D62460C7B63BCBBEFE /* FinanceAppTests */,
				29F6608C8E7C63005D680666 /* Products */,
			);
			sourceTree = "<group>";
		};
		54C691965E098D2DD7568B88 /* Settings */ = {
			isa = PBXGroup;
			children = (
				1A2FAE17E68663FCC531FA26 /* BackupDocument.swift */,
				DED9093873F00F56116121D7 /* SettingsView.swift */,
			);
			path = Settings;
			sourceTree = "<group>";
		};
		67E437D62460C7B63BCBBEFE /* FinanceAppTests */ = {
			isa = PBXGroup;
			children = (
				950FBE4E51736AC89EA37DDC /* HoldingTests.swift */,
			);
			path = FinanceAppTests;
			sourceTree = "<group>";
		};
		83FB176E76F5F605A26CD527 /* Features */ = {
			isa = PBXGroup;
			children = (
				BC541CCDD5C53816D49345BE /* Accounts */,
				3A24384C0CEB495E56EF1F87 /* Dashboard */,
				C4509373D2A71235E68EBBC1 /* Investments */,
				54C691965E098D2DD7568B88 /* Settings */,
				0845AC5AE4378EDACF0C88FD /* Transactions */,
			);
			path = Features;
			sourceTree = "<group>";
		};
		8881FBAA20D234F80524E552 /* AppIntents */ = {
			isa = PBXGroup;
			children = (
				BEE7E27142B1B63F90B0719B /* AccountEntity.swift */,
				A95894B52F3AE45BEA2D0DD2 /* AddTransactionIntent.swift */,
				44DA9BAD9185CA55E0F801B0 /* CategoryEntity.swift */,
				A69CF29FCC2EEAF017313867 /* CategoryKind+AppEnum.swift */,
				9BFBA5325676D0667028E554 /* FinanceAppShortcuts.swift */,
			);
			path = AppIntents;
			sourceTree = "<group>";
		};
		8E3815F9C6D9EA0FCAE51155 /* FinanceApp */ = {
			isa = PBXGroup;
			children = (
				98997154F5E3F6F9AD4F2769 /* App */,
				C2AD8E29B994A5218F370968 /* Core */,
				83FB176E76F5F605A26CD527 /* Features */,
				004C8C378C0631E21B051D30 /* Resources */,
			);
			path = FinanceApp;
			sourceTree = "<group>";
		};
		98997154F5E3F6F9AD4F2769 /* App */ = {
			isa = PBXGroup;
			children = (
				E312D29775FCD4120829AA8D /* FinanceAppApp.swift */,
				BDF37F106EC5D398E263BCB4 /* RootView.swift */,
			);
			path = App;
			sourceTree = "<group>";
		};
		BC541CCDD5C53816D49345BE /* Accounts */ = {
			isa = PBXGroup;
			children = (
				EA44FD2235B68DB52A233A5B /* AccountDetailView.swift */,
				49BE2E539BC3F520E89AC3E6 /* AccountsListView.swift */,
				01D64359717692A687259EEB /* AddAccountView.swift */,
			);
			path = Accounts;
			sourceTree = "<group>";
		};
		C2AD8E29B994A5218F370968 /* Core */ = {
			isa = PBXGroup;
			children = (
				8881FBAA20D234F80524E552 /* AppIntents */,
				DBB79D1ACB2E74D10B22D577 /* Networking */,
				E1E011ED1387A9EBD708B940 /* Persistence */,
			);
			path = Core;
			sourceTree = "<group>";
		};
		C4509373D2A71235E68EBBC1 /* Investments */ = {
			isa = PBXGroup;
			children = (
				D8381585300002072620983F /* AddHoldingView.swift */,
				5B7FB2C515D7300B480005B4 /* AddInvestmentTransactionView.swift */,
				C6A8180BC156C2A135C26F6B /* HoldingDetailView.swift */,
				ECB5E01EC56512A42AD3BAE0 /* InvestmentsListView.swift */,
				847EF192FE2C3A16CE821EFE /* PopularSymbols.swift */,
				9CCCE8C0E1FD763E97125737 /* SymbolSearchView.swift */,
			);
			path = Investments;
			sourceTree = "<group>";
		};
		DBB79D1ACB2E74D10B22D577 /* Networking */ = {
			isa = PBXGroup;
			children = (
				9875A6274D3B8825C789BDD3 /* PriceService.swift */,
			);
			path = Networking;
			sourceTree = "<group>";
		};
		E1E011ED1387A9EBD708B940 /* Persistence */ = {
			isa = PBXGroup;
			children = (
				46CA892BBA3DCA208A05A42C /* Account.swift */,
				592A56AF3258202923D7D2BB /* AppModelContainer.swift */,
				4277E56F76A55741D168AC95 /* BackupService.swift */,
				ADB8640ACA7B8FB8AFE31126 /* Category.swift */,
				45770272CF22BF92ED1FDB48 /* DefaultCategories.swift */,
				A86C440FFB6A1E980F283E17 /* Holding.swift */,
				28986144E7CDBFF0B9867F3B /* InvestmentTransaction.swift */,
				793A5A66A14F4656A872F06A /* MoneyTransaction.swift */,
				3A395C952D0BE940AC946EC2 /* PreviewData.swift */,
				00297A93C004C771484C5A87 /* RecurringTransaction.swift */,
				492292DF5F9E350301A2C412 /* RecurringTransactionProcessor.swift */,
			);
			path = Persistence;
			sourceTree = "<group>";
		};
/* End PBXGroup section */

/* Begin PBXNativeTarget section */
		174D99E27687D51F2EDC6181 /* FinanceAppTests */ = {
			isa = PBXNativeTarget;
			buildConfigurationList = 790EE3660AE054DE62EEC8E2 /* Build configuration list for PBXNativeTarget "FinanceAppTests" */;
			buildPhases = (
				68DFE4D057F6FDFD99C0334D /* Sources */,
			);
			buildRules = (
			);
			dependencies = (
				586DE8F890F4761240326CA5 /* PBXTargetDependency */,
			);
			name = FinanceAppTests;
			packageProductDependencies = (
			);
			productName = FinanceAppTests;
			productReference = C4E4966B0D6C2A80E27566C6 /* FinanceAppTests.xctest */;
			productType = "com.apple.product-type.bundle.unit-test";
		};
		2E97F0665DF3855DD2165992 /* FinanceApp */ = {
			isa = PBXNativeTarget;
			buildConfigurationList = 10880C3807283129FCCA0926 /* Build configuration list for PBXNativeTarget "FinanceApp" */;
			buildPhases = (
				E2D36BF245C9A834AB77A440 /* Sources */,
				79C092AECD11CAA880AF32D3 /* Resources */,
			);
			buildRules = (
			);
			dependencies = (
			);
			name = FinanceApp;
			packageProductDependencies = (
			);
			productName = FinanceApp;
			productReference = 86E6801B0F7CAA5E116D28CF /* FinanceApp.app */;
			productType = "com.apple.product-type.application";
		};
/* End PBXNativeTarget section */

/* Begin PBXProject section */
		2AB1CACC86CDDCD4EEDD6F2B /* Project object */ = {
			isa = PBXProject;
			attributes = {
				BuildIndependentTargetsInParallel = YES;
				LastUpgradeCheck = 1430;
				TargetAttributes = {
					174D99E27687D51F2EDC6181 = {
						DevelopmentTeam = WY6F9U3XR5;
						ProvisioningStyle = Automatic;
					};
					2E97F0665DF3855DD2165992 = {
						ProvisioningStyle = Automatic;
					};
				};
			};
			buildConfigurationList = 3D389913F47E61BD30E75F42 /* Build configuration list for PBXProject "FinanceApp" */;
			developmentRegion = en;
			hasScannedForEncodings = 0;
			knownRegions = (
				Base,
				en,
			);
			mainGroup = 41664911853B1A777938E8B9;
			minimizedProjectReferenceProxies = 1;
			preferredProjectObjectVersion = 77;
			productRefGroup = 29F6608C8E7C63005D680666 /* Products */;
			projectDirPath = "";
			projectRoot = "";
			targets = (
				2E97F0665DF3855DD2165992 /* FinanceApp */,
				174D99E27687D51F2EDC6181 /* FinanceAppTests */,
			);
		};
/* End PBXProject section */

/* Begin PBXResourcesBuildPhase section */
		79C092AECD11CAA880AF32D3 /* Resources */ = {
			isa = PBXResourcesBuildPhase;
			buildActionMask = 2147483647;
			files = (
				B9561BF8038687A06276CF0D /* Assets.xcassets in Resources */,
			);
			runOnlyForDeploymentPostprocessing = 0;
		};
/* End PBXResourcesBuildPhase section */

/* Begin PBXSourcesBuildPhase section */
		68DFE4D057F6FDFD99C0334D /* Sources */ = {
			isa = PBXSourcesBuildPhase;
			buildActionMask = 2147483647;
			files = (
				327910023BF345E0244F9D60 /* HoldingTests.swift in Sources */,
			);
			runOnlyForDeploymentPostprocessing = 0;
		};
		E2D36BF245C9A834AB77A440 /* Sources */ = {
			isa = PBXSourcesBuildPhase;
			buildActionMask = 2147483647;
			files = (
				D8C86367E421A53AAC1383CD /* Account.swift in Sources */,
				9488B90C6089E84D81EAC9C6 /* AccountDetailView.swift in Sources */,
				8C432CF1DB55646EABAAF884 /* AccountEntity.swift in Sources */,
				095F6FC655D6376A3866F0C5 /* AccountsListView.swift in Sources */,
				64480AEAC850825ECEC024CD /* AddAccountView.swift in Sources */,
				A009447DC4121DAA6D1D6C87 /* AddHoldingView.swift in Sources */,
				2BA7127FBC856FA34047AF46 /* AddInvestmentTransactionView.swift in Sources */,
				2AB9F45796A880470B5CFBAE /* AddRecurringTransactionView.swift in Sources */,
				D343B4657F23392384DC2C89 /* AddTransactionIntent.swift in Sources */,
				6505647D827D7DB1F1A5906C /* AddTransactionView.swift in Sources */,
				DD29A76BA37E6E28802EE950 /* AddTransferView.swift in Sources */,
				0E01E1AD3C7CC9DE0070AF9D /* AppModelContainer.swift in Sources */,
				6ABE2A0363C54D897613017E /* BackupDocument.swift in Sources */,
				A3A0D517CC5D89534A7ECDAC /* BackupService.swift in Sources */,
				C1DA19C03E7B069BE05E801F /* Category.swift in Sources */,
				AD6CF4F0296313D735AB027D /* CategoryEntity.swift in Sources */,
				6988F655EE1D9337B0120E8D /* CategoryKind+AppEnum.swift in Sources */,
				9E4A87A0B6EFAA711B06C194 /* DashboardView.swift in Sources */,
				F0D041453D83FC83E5C94AED /* DefaultCategories.swift in Sources */,
				1CEE808A6883E5DEFC94876B /* FinanceAppApp.swift in Sources */,
				01D0FA317D675E929A87FD23 /* FinanceAppShortcuts.swift in Sources */,
				D174A804B1EE33FA990FAF5C /* Holding.swift in Sources */,
				32FBABE3D98DD165060FD6E2 /* HoldingDetailView.swift in Sources */,
				F2669A9EF767110B45B2E5B8 /* InvestmentTransaction.swift in Sources */,
				9A9100E13B559051CBB27DF6 /* InvestmentsListView.swift in Sources */,
				383C6E08289B00463190DBED /* MoneyTransaction.swift in Sources */,
				827AE3CF73B53F53FFB6B052 /* PopularSymbols.swift in Sources */,
				3A8FA916993390A1792A814D /* PreviewData.swift in Sources */,
				47B22FA17491D533796C3EF5 /* PriceService.swift in Sources */,
				A1D66350E858C37D00934A46 /* RecurringTransaction.swift in Sources */,
				12EB071AC1F3D9621134A653 /* RecurringTransactionProcessor.swift in Sources */,
				D0628EB901C7CA0207AEB6FC /* RecurringTransactionsListView.swift in Sources */,
				E8B0199AC6F6833DE06D6B28 /* RootView.swift in Sources */,
				688CA1EE4336AFFB0A053583 /* SettingsView.swift in Sources */,
				610016E6A61F64F6517FCCD4 /* SymbolSearchView.swift in Sources */,
				0D411FA076B4F94DD5CCC47F /* TransactionRow.swift in Sources */,
				33B0F9EC32D6BED4D966443D /* TransactionsListView.swift in Sources */,
			);
			runOnlyForDeploymentPostprocessing = 0;
		};
/* End PBXSourcesBuildPhase section */

/* Begin PBXTargetDependency section */
		586DE8F890F4761240326CA5 /* PBXTargetDependency */ = {
			isa = PBXTargetDependency;
			target = 2E97F0665DF3855DD2165992 /* FinanceApp */;
			targetProxy = A0CC3588ABAAE8589158EF10 /* PBXContainerItemProxy */;
		};
/* End PBXTargetDependency section */

/* Begin XCBuildConfiguration section */
		29CD84FC440408C334262976 /* Debug */ = {
			isa = XCBuildConfiguration;
			buildSettings = {
				BUNDLE_LOADER = "$(TEST_HOST)";
				GENERATE_INFOPLIST_FILE = YES;
				LD_RUNPATH_SEARCH_PATHS = (
					"$(inherited)",
					"@executable_path/Frameworks",
					"@loader_path/Frameworks",
				);
				PRODUCT_BUNDLE_IDENTIFIER = com.minigarci.FinanceAppTests;
				SDKROOT = iphoneos;
				TARGETED_DEVICE_FAMILY = "1,2";
				TEST_HOST = "$(BUILT_PRODUCTS_DIR)/FinanceApp.app/FinanceApp";
			};
			name = Debug;
		};
		343F15AA0229DDE8851DE156 /* Debug */ = {
			isa = XCBuildConfiguration;
			buildSettings = {
				ALWAYS_SEARCH_USER_PATHS = NO;
				CLANG_ANALYZER_NONNULL = YES;
				CLANG_ANALYZER_NUMBER_OBJECT_CONVERSION = YES_AGGRESSIVE;
				CLANG_CXX_LANGUAGE_STANDARD = "gnu++14";
				CLANG_CXX_LIBRARY = "libc++";
				CLANG_ENABLE_MODULES = YES;
				CLANG_ENABLE_OBJC_ARC = YES;
				CLANG_ENABLE_OBJC_WEAK = YES;
				CLANG_WARN_BLOCK_CAPTURE_AUTORELEASING = YES;
				CLANG_WARN_BOOL_CONVERSION = YES;
				CLANG_WARN_COMMA = YES;
				CLANG_WARN_CONSTANT_CONVERSION = YES;
				CLANG_WARN_DEPRECATED_OBJC_IMPLEMENTATIONS = YES;
				CLANG_WARN_DIRECT_OBJC_ISA_USAGE = YES_ERROR;
				CLANG_WARN_DOCUMENTATION_COMMENTS = YES;
				CLANG_WARN_EMPTY_BODY = YES;
				CLANG_WARN_ENUM_CONVERSION = YES;
				CLANG_WARN_INFINITE_RECURSION = YES;
				CLANG_WARN_INT_CONVERSION = YES;
				CLANG_WARN_NON_LITERAL_NULL_CONVERSION = YES;
				CLANG_WARN_OBJC_IMPLICIT_RETAIN_SELF = YES;
				CLANG_WARN_OBJC_LITERAL_CONVERSION = YES;
				CLANG_WARN_OBJC_ROOT_CLASS = YES_ERROR;
				CLANG_WARN_QUOTED_INCLUDE_IN_FRAMEWORK_HEADER = YES;
				CLANG_WARN_RANGE_LOOP_ANALYSIS = YES;
				CLANG_WARN_STRICT_PROTOTYPES = YES;
				CLANG_WARN_SUSPICIOUS_MOVE = YES;
				CLANG_WARN_UNGUARDED_AVAILABILITY = YES_AGGRESSIVE;
				CLANG_WARN_UNREACHABLE_CODE = YES;
				CLANG_WARN__DUPLICATE_METHOD_MATCH = YES;
				CODE_SIGN_STYLE = Automatic;
				COPY_PHASE_STRIP = NO;
				DEBUG_INFORMATION_FORMAT = dwarf;
				DEVELOPMENT_TEAM = WY6F9U3XR5;
				ENABLE_STRICT_OBJC_MSGSEND = YES;
				ENABLE_TESTABILITY = YES;
				GCC_C_LANGUAGE_STANDARD = gnu11;
				GCC_DYNAMIC_NO_PIC = NO;
				GCC_NO_COMMON_BLOCKS = YES;
				GCC_OPTIMIZATION_LEVEL = 0;
				GCC_PREPROCESSOR_DEFINITIONS = (
					"$(inherited)",
					"DEBUG=1",
				);
				GCC_WARN_64_TO_32_BIT_CONVERSION = YES;
				GCC_WARN_ABOUT_RETURN_TYPE = YES_ERROR;
				GCC_WARN_UNDECLARED_SELECTOR = YES;
				GCC_WARN_UNINITIALIZED_AUTOS = YES_AGGRESSIVE;
				GCC_WARN_UNUSED_FUNCTION = YES;
				GCC_WARN_UNUSED_VARIABLE = YES;
				IPHONEOS_DEPLOYMENT_TARGET = 17.0;
				MTL_ENABLE_DEBUG_INFO = INCLUDE_SOURCE;
				MTL_FAST_MATH = YES;
				ONLY_ACTIVE_ARCH = YES;
				PRODUCT_NAME = "$(TARGET_NAME)";
				SDKROOT = iphoneos;
				SWIFT_ACTIVE_COMPILATION_CONDITIONS = DEBUG;
				SWIFT_OPTIMIZATION_LEVEL = "-Onone";
				SWIFT_VERSION = 5.0;
			};
			name = Debug;
		};
		640D4A1E8DD181082E61A4F2 /* Debug */ = {
			isa = XCBuildConfiguration;
			buildSettings = {
				ASSETCATALOG_COMPILER_APPICON_NAME = AppIcon;
				ASSETCATALOG_COMPILER_GLOBAL_ACCENT_COLOR_NAME = AccentColor;
				CODE_SIGN_IDENTITY = "iPhone Developer";
				CURRENT_PROJECT_VERSION = 1;
				DEVELOPMENT_TEAM = TUNJ9D8WM8;
				GENERATE_INFOPLIST_FILE = YES;
				INFOPLIST_KEY_CFBundleDisplayName = FinanceApp;
				INFOPLIST_KEY_UIApplicationSceneManifest_Generation = YES;
				INFOPLIST_KEY_UILaunchScreen_Generation = YES;
				LD_RUNPATH_SEARCH_PATHS = (
					"$(inherited)",
					"@executable_path/Frameworks",
				);
				MARKETING_VERSION = 1.0;
				PRODUCT_BUNDLE_IDENTIFIER = com.minigarci.FinanceApp;
				PRODUCT_NAME = FinanceApp;
				SDKROOT = iphoneos;
				TARGETED_DEVICE_FAMILY = 1;
			};
			name = Debug;
		};
		6F814397452B25B3C7842525 /* Release */ = {
			isa = XCBuildConfiguration;
			buildSettings = {
				ASSETCATALOG_COMPILER_APPICON_NAME = AppIcon;
				ASSETCATALOG_COMPILER_GLOBAL_ACCENT_COLOR_NAME = AccentColor;
				CODE_SIGN_IDENTITY = "iPhone Developer";
				CURRENT_PROJECT_VERSION = 1;
				DEVELOPMENT_TEAM = TUNJ9D8WM8;
				GENERATE_INFOPLIST_FILE = YES;
				INFOPLIST_KEY_CFBundleDisplayName = FinanceApp;
				INFOPLIST_KEY_UIApplicationSceneManifest_Generation = YES;
				INFOPLIST_KEY_UILaunchScreen_Generation = YES;
				LD_RUNPATH_SEARCH_PATHS = (
					"$(inherited)",
					"@executable_path/Frameworks",
				);
				MARKETING_VERSION = 1.0;
				PRODUCT_BUNDLE_IDENTIFIER = com.minigarci.FinanceApp;
				PRODUCT_NAME = FinanceApp;
				SDKROOT = iphoneos;
				TARGETED_DEVICE_FAMILY = 1;
			};
			name = Release;
		};
		C79AA9F410A9CDFBBD6D509A /* Release */ = {
			isa = XCBuildConfiguration;
			buildSettings = {
				BUNDLE_LOADER = "$(TEST_HOST)";
				GENERATE_INFOPLIST_FILE = YES;
				LD_RUNPATH_SEARCH_PATHS = (
					"$(inherited)",
					"@executable_path/Frameworks",
					"@loader_path/Frameworks",
				);
				PRODUCT_BUNDLE_IDENTIFIER = com.minigarci.FinanceAppTests;
				SDKROOT = iphoneos;
				TARGETED_DEVICE_FAMILY = "1,2";
				TEST_HOST = "$(BUILT_PRODUCTS_DIR)/FinanceApp.app/FinanceApp";
			};
			name = Release;
		};
		FF59084E303E30C70D9CB53F /* Release */ = {
			isa = XCBuildConfiguration;
			buildSettings = {
				ALWAYS_SEARCH_USER_PATHS = NO;
				CLANG_ANALYZER_NONNULL = YES;
				CLANG_ANALYZER_NUMBER_OBJECT_CONVERSION = YES_AGGRESSIVE;
				CLANG_CXX_LANGUAGE_STANDARD = "gnu++14";
				CLANG_CXX_LIBRARY = "libc++";
				CLANG_ENABLE_MODULES = YES;
				CLANG_ENABLE_OBJC_ARC = YES;
				CLANG_ENABLE_OBJC_WEAK = YES;
				CLANG_WARN_BLOCK_CAPTURE_AUTORELEASING = YES;
				CLANG_WARN_BOOL_CONVERSION = YES;
				CLANG_WARN_COMMA = YES;
				CLANG_WARN_CONSTANT_CONVERSION = YES;
				CLANG_WARN_DEPRECATED_OBJC_IMPLEMENTATIONS = YES;
				CLANG_WARN_DIRECT_OBJC_ISA_USAGE = YES_ERROR;
				CLANG_WARN_DOCUMENTATION_COMMENTS = YES;
				CLANG_WARN_EMPTY_BODY = YES;
				CLANG_WARN_ENUM_CONVERSION = YES;
				CLANG_WARN_INFINITE_RECURSION = YES;
				CLANG_WARN_INT_CONVERSION = YES;
				CLANG_WARN_NON_LITERAL_NULL_CONVERSION = YES;
				CLANG_WARN_OBJC_IMPLICIT_RETAIN_SELF = YES;
				CLANG_WARN_OBJC_LITERAL_CONVERSION = YES;
				CLANG_WARN_OBJC_ROOT_CLASS = YES_ERROR;
				CLANG_WARN_QUOTED_INCLUDE_IN_FRAMEWORK_HEADER = YES;
				CLANG_WARN_RANGE_LOOP_ANALYSIS = YES;
				CLANG_WARN_STRICT_PROTOTYPES = YES;
				CLANG_WARN_SUSPICIOUS_MOVE = YES;
				CLANG_WARN_UNGUARDED_AVAILABILITY = YES_AGGRESSIVE;
				CLANG_WARN_UNREACHABLE_CODE = YES;
				CLANG_WARN__DUPLICATE_METHOD_MATCH = YES;
				CODE_SIGN_STYLE = Automatic;
				COPY_PHASE_STRIP = NO;
				DEBUG_INFORMATION_FORMAT = "dwarf-with-dsym";
				DEVELOPMENT_TEAM = WY6F9U3XR5;
				ENABLE_NS_ASSERTIONS = NO;
				ENABLE_STRICT_OBJC_MSGSEND = YES;
				GCC_C_LANGUAGE_STANDARD = gnu11;
				GCC_NO_COMMON_BLOCKS = YES;
				GCC_WARN_64_TO_32_BIT_CONVERSION = YES;
				GCC_WARN_ABOUT_RETURN_TYPE = YES_ERROR;
				GCC_WARN_UNDECLARED_SELECTOR = YES;
				GCC_WARN_UNINITIALIZED_AUTOS = YES_AGGRESSIVE;
				GCC_WARN_UNUSED_FUNCTION = YES;
				GCC_WARN_UNUSED_VARIABLE = YES;
				IPHONEOS_DEPLOYMENT_TARGET = 17.0;
				MTL_ENABLE_DEBUG_INFO = NO;
				MTL_FAST_MATH = YES;
				PRODUCT_NAME = "$(TARGET_NAME)";
				SDKROOT = iphoneos;
				SWIFT_COMPILATION_MODE = wholemodule;
				SWIFT_OPTIMIZATION_LEVEL = "-O";
				SWIFT_VERSION = 5.0;
			};
			name = Release;
		};
/* End XCBuildConfiguration section */

/* Begin XCConfigurationList section */
		10880C3807283129FCCA0926 /* Build configuration list for PBXNativeTarget "FinanceApp" */ = {
			isa = XCConfigurationList;
			buildConfigurations = (
				640D4A1E8DD181082E61A4F2 /* Debug */,
				6F814397452B25B3C7842525 /* Release */,
			);
			defaultConfigurationIsVisible = 0;
			defaultConfigurationName = Debug;
		};
		3D389913F47E61BD30E75F42 /* Build configuration list for PBXProject "FinanceApp" */ = {
			isa = XCConfigurationList;
			buildConfigurations = (
				343F15AA0229DDE8851DE156 /* Debug */,
				FF59084E303E30C70D9CB53F /* Release */,
			);
			defaultConfigurationIsVisible = 0;
			defaultConfigurationName = Debug;
		};
		790EE3660AE054DE62EEC8E2 /* Build configuration list for PBXNativeTarget "FinanceAppTests" */ = {
			isa = XCConfigurationList;
			buildConfigurations = (
				29CD84FC440408C334262976 /* Debug */,
				C79AA9F410A9CDFBBD6D509A /* Release */,
			);
			defaultConfigurationIsVisible = 0;
			defaultConfigurationName = Debug;
		};
/* End XCConfigurationList section */
	};
	rootObject = 2AB1CACC86CDDCD4EEDD6F2B /* Project object */;
}
